
Microsoft Visual Studio Solution File, Format Version 12.00
# Visual Studio Version 17
VisualStudioVersion = 17.5.002.0
MinimumVisualStudioVersion = 10.0.40219.1
Project("{9A19103F-16F7-4668-BE54-9A1E7A4F7556}") = "IS_7sem_1lab", "IS_7sem_1lab.csproj", "{EE056EAE-13EA-49AF-8D50-68A34C9338D2}"
EndProject
Global
	GlobalSection(SolutionConfigurationPlatforms) = preSolution
		Debug|Any CPU = Debug|Any CPU
		Release|Any CPU = Release|Any CPU
	EndGlobalSection
	GlobalSection(ProjectConfigurationPlatforms) = postSolution
		{EE056EAE-13EA-49AF-8D50-68A34C9338D2}.Debug|Any CPU.ActiveCfg = Debug|Any CPU
		{EE056EAE-13EA-49AF-8D50-68A34C9338D2}.Debug|Any CPU.Build.0 = Debug|Any CPU
		{EE056EAE-13EA-49AF-8D50-68A34C9338D2}.Release|Any CPU.ActiveCfg = Release|Any CPU
		{EE056EAE-13EA-49AF-8D50-68A34C9338D2}.Release|Any CPU.Build.0 = Release|Any CPU
	EndGlobalSection
	GlobalSection(SolutionProperties) = preSolution
		HideSolutionNode = FALSE
	EndGlobalSection
	GlobalSection(ExtensibilityGlobals) = postSolution
		SolutionGuid = {EA28DFD6-9A16-4272-B8CE-0E303368362E}
	EndGlobalSection
EndGlobal
